
Microsoft Visual Studio Solution File, Format Version 12.00
# Visual Studio Version 17
VisualStudioVersion = 17.3.32811.315
MinimumVisualStudioVersion = 10.0.40219.1
Project("{FAE04EC0-301F-11D3-BF4B-00C04F79EFBC}") = "ScanUtilityLibraryVer2", "ScanUtilityLibraryVer2\ScanUtilityLibraryVer2.csproj", "{79610400-2210-4636-BC60-D5CE8D1081E6}"
EndProject
Project("{FAE04EC0-301F-11D3-BF4B-00C04F79EFBC}") = "ScanUtilityExample", "ScanUtilityExample\ScanUtilityExample.csproj", "{14E72B5A-ED80-4148-A6FD-BCCB08876E2B}"
EndProject
Project("{FAE04EC0-301F-11D3-BF4B-00C04F79EFBC}") = "ScanUtilityLibraryVer2.Tianhe", "ScanUtilityLibraryVer2.Tianhe\ScanUtilityLibraryVer2.Tianhe.csproj", "{B45C3300-D45B-4BD7-8ADD-364D63474883}"
EndProject
Project("{FAE04EC0-301F-11D3-BF4B-00C04F79EFBC}") = "ScanUtilityLibraryVer2.LivoxSdk2AnyCpuNet45", "ScanUtilityLibraryVer2.LivoxSdk2AnyCpuNet45\ScanUtilityLibraryVer2.LivoxSdk2AnyCpuNet45.csproj", "{22F0497E-3FCF-44CE-8EEF-2FF0FBF5DB00}"
EndProject
Project("{FAE04EC0-301F-11D3-BF4B-00C04F79EFBC}") = "ScanUtilityLibraryVer2.LivoxSdk2AnyCpuNet9_0", "ScanUtilityLibraryVer2.LivoxSdk2AnyCpuNet9_0\ScanUtilityLibraryVer2.LivoxSdk2AnyCpuNet9_0.csproj", "{91227B80-173C-404F-81D8-05E62B523E12}"
EndProject
Project("{FAE04EC0-301F-11D3-BF4B-00C04F79EFBC}") = "ScanUtilityExample_CommandLineNet9_0", "ScanUtilityExample_CommandLineNet9_0\ScanUtilityExample_CommandLineNet9_0.csproj", "{BB46173C-8489-4925-B533-1CC4F591A01B}"
EndProject
Global
	GlobalSection(SolutionConfigurationPlatforms) = preSolution
		Debug|Any CPU = Debug|Any CPU
		Debug|x64 = Debug|x64
		Release|Any CPU = Release|Any CPU
		Release|x64 = Release|x64
	EndGlobalSection
	GlobalSection(ProjectConfigurationPlatforms) = postSolution
		{79610400-2210-4636-BC60-D5CE8D1081E6}.Debug|Any CPU.ActiveCfg = Debug|Any CPU
		{79610400-2210-4636-BC60-D5CE8D1081E6}.Debug|Any CPU.Build.0 = Debug|Any CPU
		{79610400-2210-4636-BC60-D5CE8D1081E6}.Debug|x64.ActiveCfg = Debug|Any CPU
		{79610400-2210-4636-BC60-D5CE8D1081E6}.Debug|x64.Build.0 = Debug|Any CPU
		{79610400-2210-4636-BC60-D5CE8D1081E6}.Release|Any CPU.ActiveCfg = Release|Any CPU
		{79610400-2210-4636-BC60-D5CE8D1081E6}.Release|Any CPU.Build.0 = Release|Any CPU
		{79610400-2210-4636-BC60-D5CE8D1081E6}.Release|x64.ActiveCfg = Release|Any CPU
		{79610400-2210-4636-BC60-D5CE8D1081E6}.Release|x64.Build.0 = Release|Any CPU
		{14E72B5A-ED80-4148-A6FD-BCCB08876E2B}.Debug|Any CPU.ActiveCfg = Debug|Any CPU
		{14E72B5A-ED80-4148-A6FD-BCCB08876E2B}.Debug|Any CPU.Build.0 = Debug|Any CPU
		{14E72B5A-ED80-4148-A6FD-BCCB08876E2B}.Debug|x64.ActiveCfg = Debug|x64
		{14E72B5A-ED80-4148-A6FD-BCCB08876E2B}.Debug|x64.Build.0 = Debug|x64
		{14E72B5A-ED80-4148-A6FD-BCCB08876E2B}.Release|Any CPU.ActiveCfg = Release|Any CPU
		{14E72B5A-ED80-4148-A6FD-BCCB08876E2B}.Release|Any CPU.Build.0 = Release|Any CPU
		{14E72B5A-ED80-4148-A6FD-BCCB08876E2B}.Release|x64.ActiveCfg = Release|x64
		{14E72B5A-ED80-4148-A6FD-BCCB08876E2B}.Release|x64.Build.0 = Release|x64
		{B45C3300-D45B-4BD7-8ADD-364D63474883}.Debug|Any CPU.ActiveCfg = Debug|Any CPU
		{B45C3300-D45B-4BD7-8ADD-364D63474883}.Debug|Any CPU.Build.0 = Debug|Any CPU
		{B45C3300-D45B-4BD7-8ADD-364D63474883}.Debug|x64.ActiveCfg = Debug|Any CPU
		{B45C3300-D45B-4BD7-8ADD-364D63474883}.Debug|x64.Build.0 = Debug|Any CPU
		{B45C3300-D45B-4BD7-8ADD-364D63474883}.Release|Any CPU.ActiveCfg = Release|Any CPU
		{B45C3300-D45B-4BD7-8ADD-364D63474883}.Release|Any CPU.Build.0 = Release|Any CPU
		{B45C3300-D45B-4BD7-8ADD-364D63474883}.Release|x64.ActiveCfg = Release|Any CPU
		{B45C3300-D45B-4BD7-8ADD-364D63474883}.Release|x64.Build.0 = Release|Any CPU
		{22F0497E-3FCF-44CE-8EEF-2FF0FBF5DB00}.Debug|Any CPU.ActiveCfg = Debug|Any CPU
		{22F0497E-3FCF-44CE-8EEF-2FF0FBF5DB00}.Debug|Any CPU.Build.0 = Debug|Any CPU
		{22F0497E-3FCF-44CE-8EEF-2FF0FBF5DB00}.Debug|x64.ActiveCfg = Debug|Any CPU
		{22F0497E-3FCF-44CE-8EEF-2FF0FBF5DB00}.Debug|x64.Build.0 = Debug|Any CPU
		{22F0497E-3FCF-44CE-8EEF-2FF0FBF5DB00}.Release|Any CPU.ActiveCfg = Release|Any CPU
		{22F0497E-3FCF-44CE-8EEF-2FF0FBF5DB00}.Release|Any CPU.Build.0 = Release|Any CPU
		{22F0497E-3FCF-44CE-8EEF-2FF0FBF5DB00}.Release|x64.ActiveCfg = Release|Any CPU
		{22F0497E-3FCF-44CE-8EEF-2FF0FBF5DB00}.Release|x64.Build.0 = Release|Any CPU
		{91227B80-173C-404F-81D8-05E62B523E12}.Debug|Any CPU.ActiveCfg = Debug|Any CPU
		{91227B80-173C-404F-81D8-05E62B523E12}.Debug|Any CPU.Build.0 = Debug|Any CPU
		{91227B80-173C-404F-81D8-05E62B523E12}.Debug|x64.ActiveCfg = Debug|Any CPU
		{91227B80-173C-404F-81D8-05E62B523E12}.Debug|x64.Build.0 = Debug|Any CPU
		{91227B80-173C-404F-81D8-05E62B523E12}.Release|Any CPU.ActiveCfg = Release|Any CPU
		{91227B80-173C-404F-81D8-05E62B523E12}.Release|Any CPU.Build.0 = Release|Any CPU
		{91227B80-173C-404F-81D8-05E62B523E12}.Release|x64.ActiveCfg = Release|Any CPU
		{91227B80-173C-404F-81D8-05E62B523E12}.Release|x64.Build.0 = Release|Any CPU
		{BB46173C-8489-4925-B533-1CC4F591A01B}.Debug|Any CPU.ActiveCfg = Debug|Any CPU
		{BB46173C-8489-4925-B533-1CC4F591A01B}.Debug|Any CPU.Build.0 = Debug|Any CPU
		{BB46173C-8489-4925-B533-1CC4F591A01B}.Debug|x64.ActiveCfg = Debug|Any CPU
		{BB46173C-8489-4925-B533-1CC4F591A01B}.Debug|x64.Build.0 = Debug|Any CPU
		{BB46173C-8489-4925-B533-1CC4F591A01B}.Release|Any CPU.ActiveCfg = Release|Any CPU
		{BB46173C-8489-4925-B533-1CC4F591A01B}.Release|Any CPU.Build.0 = Release|Any CPU
		{BB46173C-8489-4925-B533-1CC4F591A01B}.Release|x64.ActiveCfg = Release|Any CPU
		{BB46173C-8489-4925-B533-1CC4F591A01B}.Release|x64.Build.0 = Release|Any CPU
	EndGlobalSection
	GlobalSection(SolutionProperties) = preSolution
		HideSolutionNode = FALSE
	EndGlobalSection
	GlobalSection(ExtensibilityGlobals) = postSolution
		SolutionGuid = {33D86BE8-2C8C-45EF-9E62-87E195806956}
	EndGlobalSection
EndGlobal
